
Microsoft Visual Studio Solution File, Format Version 12.00
# Visual Studio Version 17
VisualStudioVersion = 17.10.35013.160
MinimumVisualStudioVersion = 10.0.40219.1
Project("{8BC9CEB8-8B4A-11D0-8D11-00A0C91BC942}") = "PeClient", "PeApp\PeApp.vcxproj", "{D37488BE-5E59-4BEC-87E6-3442A4B8FE54}"
EndProject
Project("{8BC9CEB8-8B4A-11D0-8D11-00A0C91BC942}") = "PeLib", "PeLib\PeLib.vcxproj", "{121890B3-5EF1-4498-98BF-3A71DB8B17EF}"
EndProject
Project("{8BC9CEB8-8B4A-11D0-8D11-00A0C91BC942}") = "PeDll", "PeDll\PeDll.vcxproj", "{39E8E55D-7405-4B57-8969-A1ACBFD56CC4}"
EndProject
Project("{8BC9CEB8-8B4A-11D0-8D11-00A0C91BC942}") = "ExampleDll", "ExampleDll\ExampleDll.vcxproj", "{F38330BD-2931-44C1-89BE-14A07F763F7D}"
EndProject
Global
	GlobalSection(SolutionConfigurationPlatforms) = preSolution
		Debug|x64 = Debug|x64
		Debug|x86 = Debug|x86
		Release|x64 = Release|x64
		Release|x86 = Release|x86
	EndGlobalSection
	GlobalSection(ProjectConfigurationPlatforms) = postSolution
		{D37488BE-5E59-4BEC-87E6-3442A4B8FE54}.Debug|x64.ActiveCfg = Debug|x64
		{D37488BE-5E59-4BEC-87E6-3442A4B8FE54}.Debug|x64.Build.0 = Debug|x64
		{D37488BE-5E59-4BEC-87E6-3442A4B8FE54}.Debug|x86.ActiveCfg = Debug|Win32
		{D37488BE-5E59-4BEC-87E6-3442A4B8FE54}.Debug|x86.Build.0 = Debug|Win32
		{D37488BE-5E59-4BEC-87E6-3442A4B8FE54}.Release|x64.ActiveCfg = Release|x64
		{D37488BE-5E59-4BEC-87E6-3442A4B8FE54}.Release|x64.Build.0 = Release|x64
		{D37488BE-5E59-4BEC-87E6-3442A4B8FE54}.Release|x86.ActiveCfg = Release|Win32
		{D37488BE-5E59-4BEC-87E6-3442A4B8FE54}.Release|x86.Build.0 = Release|Win32
		{121890B3-5EF1-4498-98BF-3A71DB8B17EF}.Debug|x64.ActiveCfg = Debug|x64
		{121890B3-5EF1-4498-98BF-3A71DB8B17EF}.Debug|x64.Build.0 = Debug|x64
		{121890B3-5EF1-4498-98BF-3A71DB8B17EF}.Debug|x86.ActiveCfg = Debug|Win32
		{121890B3-5EF1-4498-98BF-3A71DB8B17EF}.Debug|x86.Build.0 = Debug|Win32
		{121890B3-5EF1-4498-98BF-3A71DB8B17EF}.Release|x64.ActiveCfg = Release|x64
		{121890B3-5EF1-4498-98BF-3A71DB8B17EF}.Release|x64.Build.0 = Release|x64
		{121890B3-5EF1-4498-98BF-3A71DB8B17EF}.Release|x86.ActiveCfg = Release|Win32
		{121890B3-5EF1-4498-98BF-3A71DB8B17EF}.Release|x86.Build.0 = Release|Win32
		{39E8E55D-7405-4B57-8969-A1ACBFD56CC4}.Debug|x64.ActiveCfg = Debug|x64
		{39E8E55D-7405-4B57-8969-A1ACBFD56CC4}.Debug|x64.Build.0 = Debug|x64
		{39E8E55D-7405-4B57-8969-A1ACBFD56CC4}.Debug|x86.ActiveCfg = Debug|Win32
		{39E8E55D-7405-4B57-8969-A1ACBFD56CC4}.Debug|x86.Build.0 = Debug|Win32
		{39E8E55D-7405-4B57-8969-A1ACBFD56CC4}.Release|x64.ActiveCfg = Release|x64
		{39E8E55D-7405-4B57-8969-A1ACBFD56CC4}.Release|x64.Build.0 = Release|x64
		{39E8E55D-7405-4B57-8969-A1ACBFD56CC4}.Release|x86.ActiveCfg = Release|Win32
		{39E8E55D-7405-4B57-8969-A1ACBFD56CC4}.Release|x86.Build.0 = Release|Win32
		{F38330BD-2931-44C1-89BE-14A07F763F7D}.Debug|x64.ActiveCfg = Debug|x64
		{F38330BD-2931-44C1-89BE-14A07F763F7D}.Debug|x64.Build.0 = Debug|x64
		{F38330BD-2931-44C1-89BE-14A07F763F7D}.Debug|x86.ActiveCfg = Debug|Win32
		{F38330BD-2931-44C1-89BE-14A07F763F7D}.Debug|x86.Build.0 = Debug|Win32
		{F38330BD-2931-44C1-89BE-14A07F763F7D}.Release|x64.ActiveCfg = Release|x64
		{F38330BD-2931-44C1-89BE-14A07F763F7D}.Release|x64.Build.0 = Release|x64
		{F38330BD-2931-44C1-89BE-14A07F763F7D}.Release|x86.ActiveCfg = Release|Win32
		{F38330BD-2931-44C1-89BE-14A07F763F7D}.Release|x86.Build.0 = Release|Win32
	EndGlobalSection
	GlobalSection(SolutionProperties) = preSolution
		HideSolutionNode = FALSE
	EndGlobalSection
	GlobalSection(ExtensibilityGlobals) = postSolution
		SolutionGuid = {3E71EC84-4FEE-404C-B417-C0FCD62619A9}
	EndGlobalSection
EndGlobal
